// !$*UTF8*$!
{
	archiveVersion = 1;
	classes = {
	};
	objectVersion = 46;
	objects = {

/* Begin PBXBuildFile section */
		A9FCF3E31D0F4AC000878A7C /* AppDelegate.swift in Sources */ = {isa = PBXBuildFile; fileRef = A9FCF3E21D0F4AC000878A7C /* AppDelegate.swift */; };
		A9FCF3E51D0F4AC000878A7C /* ViewController.swift in Sources */ = {isa = PBXBuildFile; fileRef = A9FCF3E41D0F4AC000878A7C /* ViewController.swift */; };
		A9FCF3E81D0F4AC000878A7C /* Main.storyboard in Resources */ = {isa = PBXBuildFile; fileRef = A9FCF3E61D0F4AC000878A7C /* Main.storyboard */; };
		A9FCF3EA1D0F4AC000878A7C /* Assets.xcassets in Resources */ = {isa = PBXBuildFile; fileRef = A9FCF3E91D0F4AC000878A7C /* Assets.xcassets */; };
		A9FCF3ED1D0F4AC000878A7C /* LaunchScreen.storyboard in Resources */ = {isa = PBXBuildFile; fileRef = A9FCF3EB1D0F4AC000878A7C /* LaunchScreen.storyboard */; };
		A9FCF3F61D0F4B1800878A7C /* Movies.swift in Sources */ = {isa = PBXBuildFile; fileRef = A9FCF3F51D0F4B1800878A7C /* Movies.swift */; };
		A9FCF3F91D0F538200878A7C /* MoviesCell.swift in Sources */ = {isa = PBXBuildFile; fileRef = A9FCF3F81D0F538200878A7C /* MoviesCell.swift */; };
		A9FCF3FC1D0F5EA000878A7C /* AddMovieVC.swift in Sources */ = {isa = PBXBuildFile; fileRef = A9FCF3FB1D0F5EA000878A7C /* AddMovieVC.swift */; };
		A9FCF3FF1D0F6A0600878A7C /* DataService.swift in Sources */ = {isa = PBXBuildFile; fileRef = A9FCF3FE1D0F6A0600878A7C /* DataService.swift */; };
/* End PBXBuildFile section */

/* Begin PBXFileReference section */
		A9FCF3DF1D0F4AC000878A7C /* favoriteMovies.app */ = {isa = PBXFileReference; explicitFileType = wrapper.application; includeInIndex = 0; path = favoriteMovies.app; sourceTree = BUILT_PRODUCTS_DIR; };
		A9FCF3E21D0F4AC000878A7C /* AppDelegate.swift */ = {isa = PBXFileReference; lastKnownFileType = sourcecode.swift; path = AppDelegate.swift; sourceTree = "<group>"; };
		A9FCF3E41D0F4AC000878A7C /* ViewController.swift */ = {isa = PBXFileReference; lastKnownFileType = sourcecode.swift; path = ViewController.swift; sourceTree = "<group>"; };
		A9FCF3E71D0F4AC000878A7C /* Base */ = {isa = PBXFileReference; lastKnownFileType = file.storyboard; name = Base; path = Base.lproj/Main.storyboard; sourceTree = "<group>"; };
		A9FCF3E91D0F4AC000878A7C /* Assets.xcassets */ = {isa = PBXFileReference; lastKnownFileType = folder.assetcatalog; path = Assets.xcassets; sourceTree = "<group>"; };
		A9FCF3EC1D0F4AC000878A7C /* Base */ = {isa = PBXFileReference; lastKnownFileType = file.storyboard; name = Base; path = Base.lproj/LaunchScreen.storyboard; sourceTree = "<group>"; };
		A9FCF3EE1D0F4AC000878A7C /* Info.plist */ = {isa = PBXFileReference; lastKnownFileType = text.plist.xml; path = Info.plist; sourceTree = "<group>"; };
		A9FCF3F51D0F4B1800878A7C /* Movies.swift */ = {isa = PBXFileReference; fileEncoding = 4; lastKnownFileType = sourcecode.swift; path = Movies.swift; sourceTree = "<group>"; };
		A9FCF3F81D0F538200878A7C /* MoviesCell.swift */ = {isa = PBXFileReference; fileEncoding = 4; lastKnownFileType = sourcecode.swift; path = MoviesCell.swift; sourceTree = "<group>"; };
		A9FCF3FB1D0F5EA000878A7C /* AddMovieVC.swift */ = {isa = PBXFileReference; fileEncoding = 4; lastKnownFileType = sourcecode.swift; path = AddMovieVC.swift; sourceTree = "<group>"; };
		A9FCF3FE1D0F6A0600878A7C /* DataService.swift */ = {isa = PBXFileReference; fileEncoding = 4; lastKnownFileType = sourcecode.swift; path = DataService.swift; sourceTree = "<group>"; };
/* End PBXFileReference section */

/* Begin PBXFrameworksBuildPhase section */
		A9FCF3DC1D0F4AC000878A7C /* Frameworks */ = {
			isa = PBXFrameworksBuildPhase;
			buildActionMask = 2147483647;
			files = (
			);
			runOnlyForDeploymentPostprocessing = 0;
		};
/* End PBXFrameworksBuildPhase section */

/* Begin PBXGroup section */
		A9FCF3D61D0F4AC000878A7C = {
			isa = PBXGroup;
			children = (
				A9FCF3E11D0F4AC000878A7C /* favoriteMovies */,
				A9FCF3E01D0F4AC000878A7C /* Products */,
			);
			sourceTree = "<group>";
		};
		A9FCF3E01D0F4AC000878A7C /* Products */ = {
			isa = PBXGroup;
			children = (
				A9FCF3DF1D0F4AC000878A7C /* favoriteMovies.app */,
			);
			name = Products;
			sourceTree = "<group>";
		};
		A9FCF3E11D0F4AC000878A7C /* favoriteMovies */ = {
			isa = PBXGroup;
			children = (
				A9FCF3FD1D0F69F300878A7C /* Services */,
				A9FCF3FA1D0F5E8B00878A7C /* Controller */,
				A9FCF3F71D0F536600878A7C /* View */,
				A9FCF3F41D0F4AFF00878A7C /* Model */,
				A9FCF3E21D0F4AC000878A7C /* AppDelegate.swift */,
				A9FCF3E91D0F4AC000878A7C /* Assets.xcassets */,
				A9FCF3EE1D0F4AC000878A7C /* Info.plist */,
			);
			path = favoriteMovies;
			sourceTree = "<group>";
		};
		A9FCF3F41D0F4AFF00878A7C /* Model */ = {
			isa = PBXGroup;
			children = (
				A9FCF3F51D0F4B1800878A7C /* Movies.swift */,
			);
			name = Model;
			sourceTree = "<group>";
		};
		A9FCF3F71D0F536600878A7C /* View */ = {
			isa = PBXGroup;
			children = (
				A9FCF3F81D0F538200878A7C /* MoviesCell.swift */,
				A9FCF3E61D0F4AC000878A7C /* Main.storyboard */,
				A9FCF3EB1D0F4AC000878A7C /* LaunchScreen.storyboard */,
			);
			name = View;
			sourceTree = "<group>";
		};
		A9FCF3FA1D0F5E8B00878A7C /* Controller */ = {
			isa = PBXGroup;
			children = (
				A9FCF3E41D0F4AC000878A7C /* ViewController.swift */,
				A9FCF3FB1D0F5EA000878A7C /* AddMovieVC.swift */,
			);
			name = Controller;
			sourceTree = "<group>";
		};
		A9FCF3FD1D0F69F300878A7C /* Services */ = {
			isa = PBXGroup;
			children = (
				A9FCF3FE1D0F6A0600878A7C /* DataService.swift */,
			);
			name = Services;
			sourceTree = "<group>";
		};
/* End PBXGroup section */

/* Begin PBXNativeTarget section */
		A9FCF3DE1D0F4AC000878A7C /* favoriteMovies */ = {
			isa = PBXNativeTarget;
			buildConfigurationList = A9FCF3F11D0F4AC000878A7C /* Build configuration list for PBXNativeTarget "favoriteMovies" */;
			buildPhases = (
				A9FCF3DB1D0F4AC000878A7C /* Sources */,
				A9FCF3DC1D0F4AC000878A7C /* Frameworks */,
				A9FCF3DD1D0F4AC000878A7C /* Resources */,
			);
			buildRules = (
			);
			dependencies = (
			);
			name = favoriteMovies;
			productName = favoriteMovies;
			productReference = A9FCF3DF1D0F4AC000878A7C /* favoriteMovies.app */;
			productType = "com.apple.product-type.application";
		};
/* End PBXNativeTarget section */

/* Begin PBXProject section */
		A9FCF3D71D0F4AC000878A7C /* Project object */ = {
			isa = PBXProject;
			attributes = {
				LastSwiftUpdateCheck = 0730;
				LastUpgradeCheck = 0730;
				ORGANIZATIONNAME = meitar;
				TargetAttributes = {
					A9FCF3DE1D0F4AC000878A7C = {
						CreatedOnToolsVersion = 7.3.1;
					};
				};
			};
			buildConfigurationList = A9FCF3DA1D0F4AC000878A7C /* Build configuration list for PBXProject "favoriteMovies" */;
			compatibilityVersion = "Xcode 3.2";
			developmentRegion = English;
			hasScannedForEncodings = 0;
			knownRegions = (
				en,
				Base,
			);
			mainGroup = A9FCF3D61D0F4AC000878A7C;
			productRefGroup = A9FCF3E01D0F4AC000878A7C /* Products */;
			projectDirPath = "";
			projectRoot = "";
			targets = (
				A9FCF3DE1D0F4AC000878A7C /* favoriteMovies */,
			);
		};
/* End PBXProject section */

/* Begin PBXResourcesBuildPhase section */
		A9FCF3DD1D0F4AC000878A7C /* Resources */ = {
			isa = PBXResourcesBuildPhase;
			buildActionMask = 2147483647;
			files = (
				A9FCF3ED1D0F4AC000878A7C /* LaunchScreen.storyboard in Resources */,
				A9FCF3EA1D0F4AC000878A7C /* Assets.xcassets in Resources */,
				A9FCF3E81D0F4AC000878A7C /* Main.storyboard in Resources */,
			);
			runOnlyForDeploymentPostprocessing = 0;
		};
/* End PBXResourcesBuildPhase section */

/* Begin PBXSourcesBuildPhase section */
		A9FCF3DB1D0F4AC000878A7C /* Sources */ = {
			isa = PBXSourcesBuildPhase;
			buildActionMask = 2147483647;
			files = (
				A9FCF3E51D0F4AC000878A7C /* ViewController.swift in Sources */,
				A9FCF3FC1D0F5EA000878A7C /* AddMovieVC.swift in Sources */,
				A9FCF3E31D0F4AC000878A7C /* AppDelegate.swift in Sources */,
				A9FCF3FF1D0F6A0600878A7C /* DataService.swift in Sources */,
				A9FCF3F91D0F538200878A7C /* MoviesCell.swift in Sources */,
				A9FCF3F61D0F4B1800878A7C /* Movies.swift in Sources */,
			);
			runOnlyForDeploymentPostprocessing = 0;
		};
/* End PBXSourcesBuildPhase section */

/* Begin PBXVariantGroup section */
		A9FCF3E61D0F4AC000878A7C /* Main.storyboard */ = {
			isa = PBXVariantGroup;
			children = (
				A9FCF3E71D0F4AC000878A7C /* Base */,
			);
			name = Main.storyboard;
			sourceTree = "<group>";
		};
		A9FCF3EB1D0F4AC000878A7C /* LaunchScreen.storyboard */ = {
			isa = PBXVariantGroup;
			children = (
				A9FCF3EC1D0F4AC000878A7C /* Base */,
			);
			name = LaunchScreen.storyboard;
			sourceTree = "<group>";
		};
/* End PBXVariantGroup section */

/* Begin XCBuildConfiguration section */
		A9FCF3EF1D0F4AC000878A7C /* Debug */ = {
			isa = XCBuildConfiguration;
			buildSettings = {
				ALWAYS_SEARCH_USER_PATHS = NO;
				CLANG_ANALYZER_NONNULL = YES;
				CLANG_CXX_LANGUAGE_STANDARD = "gnu++0x";
				CLANG_CXX_LIBRARY = "libc++";
				CLANG_ENABLE_MODULES = YES;
				CLANG_ENABLE_OBJC_ARC = YES;
				CLANG_WARN_BOOL_CONVERSION = YES;
				CLANG_WARN_CONSTANT_CONVERSION = YES;
				CLANG_WARN_DIRECT_OBJC_ISA_USAGE = YES_ERROR;
				CLANG_WARN_EMPTY_BODY = YES;
				CLANG_WARN_ENUM_CONVERSION = YES;
				CLANG_WARN_INT_CONVERSION = YES;
				CLANG_WARN_OBJC_ROOT_CLASS = YES_ERROR;
				CLANG_WARN_UNREACHABLE_CODE = YES;
				CLANG_WARN__DUPLICATE_METHOD_MATCH = YES;
				"CODE_SIGN_IDENTITY[sdk=iphoneos*]" = "iPhone Developer";
				COPY_PHASE_STRIP = NO;
				DEBUG_INFORMATION_FORMAT = dwarf;
				ENABLE_STRICT_OBJC_MSGSEND = YES;
				ENABLE_TESTABILITY = YES;
				GCC_C_LANGUAGE_STANDARD = gnu99;
				GCC_DYNAMIC_NO_PIC = NO;
				GCC_NO_COMMON_BLOCKS = YES;
				GCC_OPTIMIZATION_LEVEL = 0;
				GCC_PREPROCESSOR_DEFINITIONS = (
					"DEBUG=1",
					"$(inherited)",
				);
				GCC_WARN_64_TO_32_BIT_CONVERSION = YES;
				GCC_WARN_ABOUT_RETURN_TYPE = YES_ERROR;
				GCC_WARN_UNDECLARED_SELECTOR = YES;
				GCC_WARN_UNINITIALIZED_AUTOS = YES_AGGRESSIVE;
				GCC_WARN_UNUSED_FUNCTION = YES;
				GCC_WARN_UNUSED_VARIABLE = YES;
				IPHONEOS_DEPLOYMENT_TARGET = 9.3;
				MTL_ENABLE_DEBUG_INFO = YES;
				ONLY_ACTIVE_ARCH = YES;
				SDKROOT = iphoneos;
				SWIFT_OPTIMIZATION_LEVEL = "-Onone";
				TARGETED_DEVICE_FAMILY = "1,2";
			};
			name = Debug;
		};
		A9FCF3F01D0F4AC000878A7C /* Release */ = {
			isa = XCBuildConfiguration;
			buildSettings = {
				ALWAYS_SEARCH_USER_PATHS = NO;
				CLANG_ANALYZER_NONNULL = YES;
				CLANG_CXX_LANGUAGE_STANDARD = "gnu++0x";
				CLANG_CXX_LIBRARY = "libc++";
				CLANG_ENABLE_MODULES = YES;
				CLANG_ENABLE_OBJC_ARC = YES;
				CLANG_WARN_BOOL_CONVERSION = YES;
				CLANG_WARN_CONSTANT_CONVERSION = YES;
				CLANG_WARN_DIRECT_OBJC_ISA_USAGE = YES_ERROR;
				CLANG_WARN_EMPTY_BODY = YES;
				CLANG_WARN_ENUM_CONVERSION = YES;
				CLANG_WARN_INT_CONVERSION = YES;
				CLANG_WARN_OBJC_ROOT_CLASS = YES_ERROR;
				CLANG_WARN_UNREACHABLE_CODE = YES;
				CLANG_WARN__DUPLICATE_METHOD_MATCH = YES;
				"CODE_SIGN_IDENTITY[sdk=iphoneos*]" = "iPhone Developer";
				COPY_PHASE_STRIP = NO;
				DEBUG_INFORMATION_FORMAT = "dwarf-with-dsym";
				ENABLE_NS_ASSERTIONS = NO;
				ENABLE_STRICT_OBJC_MSGSEND = YES;
				GCC_C_LANGUAGE_STANDARD = gnu99;
				GCC_NO_COMMON_BLOCKS = YES;
				GCC_WARN_64_TO_32_BIT_CONVERSION = YES;
				GCC_WARN_ABOUT_RETURN_TYPE = YES_ERROR;
				GCC_WARN_UNDECLARED_SELECTOR = YES;
				GCC_WARN_UNINITIALIZED_AUTOS = YES_AGGRESSIVE;
				GCC_WARN_UNUSED_FUNCTION = YES;
				GCC_WARN_UNUSED_VARIABLE = YES;
				IPHONEOS_DEPLOYMENT_TARGET = 9.3;
				MTL_ENABLE_DEBUG_INFO = NO;
				SDKROOT = iphoneos;
				TARGETED_DEVICE_FAMILY = "1,2";
				VALIDATE_PRODUCT = YES;
			};
			name = Release;
		};
		A9FCF3F21D0F4AC000878A7C /* Debug */ = {
			isa = XCBuildConfiguration;
			buildSettings = {
				ASSETCATALOG_COMPILER_APPICON_NAME = AppIcon;
				INFOPLIST_FILE = favoriteMovies/Info.plist;
				LD_RUNPATH_SEARCH_PATHS = "$(inherited) @executable_path/Frameworks";
				PRODUCT_BUNDLE_IDENTIFIER = meitar.com.favoriteMovies;
				PRODUCT_NAME = "$(TARGET_NAME)";
			};
			name = Debug;
		};
		A9FCF3F31D0F4AC000878A7C /* Release */ = {
			isa = XCBuildConfiguration;
			buildSettings = {
				ASSETCATALOG_COMPILER_APPICON_NAME = AppIcon;
				INFOPLIST_FILE = favoriteMovies/Info.plist;
				LD_RUNPATH_SEARCH_PATHS = "$(inherited) @executable_path/Frameworks";
				PRODUCT_BUNDLE_IDENTIFIER = meitar.com.favoriteMovies;
				PRODUCT_NAME = "$(TARGET_NAME)";
			};
			name = Release;
		};
/* End XCBuildConfiguration section */

/* Begin XCConfigurationList section */
		A9FCF3DA1D0F4AC000878A7C /* Build configuration list for PBXProject "favoriteMovies" */ = {
			isa = XCConfigurationList;
			buildConfigurations = (
				A9FCF3EF1D0F4AC000878A7C /* Debug */,
				A9FCF3F01D0F4AC000878A7C /* Release */,
			);
			defaultConfigurationIsVisible = 0;
			defaultConfigurationName = Release;
		};
		A9FCF3F11D0F4AC000878A7C /* Build configuration list for PBXNativeTarget "favoriteMovies" */ = {
			isa = XCConfigurationList;
			buildConfigurations = (
				A9FCF3F21D0F4AC000878A7C /* Debug */,
				A9FCF3F31D0F4AC000878A7C /* Release */,
			);
			defaultConfigurationIsVisible = 0;
			defaultConfigurationName = Release;
		};
/* End XCConfigurationList section */
	};
	rootObject = A9FCF3D71D0F4AC000878A7C /* Project object */;
}
